
Microsoft Visual Studio Solution File, Format Version 12.00
# Visual Studio Version 16
VisualStudioVersion = 16.0.28922.388
MinimumVisualStudioVersion = 10.0.40219.1
Project("{2150E333-8FDC-42A3-9474-1A3956D46DE8}") = "samples", "samples", "{B5707277-42B0-4BDA-8EAF-33612CA2ABF0}"
EndProject
Project("{2150E333-8FDC-42A3-9474-1A3956D46DE8}") = "docs", "docs", "{E3554D4E-7CD8-4128-9438-95CDBCDE4B25}"
	ProjectSection(SolutionItems) = preProject
		Docs\Build.md = Docs\Build.md
		Docs\Changelog.md = Docs\Changelog.md
		Docs\Develop.md = Docs\Develop.md
		Docs\LiveWallpaperEngineAPI.md = Docs\LiveWallpaperEngineAPI.md
		README.md = README.md
	EndProjectSection
EndProject
Project("{9A19103F-16F7-4668-BE54-9A1E7A4F7556}") = "LiveWallpaperEngine.Samples.NetCore.Test", "LiveWallpaperEngine.Samples.NetCore.Test\LiveWallpaperEngine.Samples.NetCore.Test.csproj", "{C959B22A-239C-4264-8E54-51AFD5A5B7C4}"
EndProject
Project("{2150E333-8FDC-42A3-9474-1A3956D46DE8}") = "Obsolete", "Obsolete", "{02F4F61B-91AC-4F16-939D-EB9B9980A60C}"
EndProject
Project("{9A19103F-16F7-4668-BE54-9A1E7A4F7556}") = "TestEmbedWindow", "TestEmbedWindow\TestEmbedWindow.csproj", "{123B6CA4-82FF-4AD5-B4B6-8536C9EDF1D8}"
EndProject
Project("{2150E333-8FDC-42A3-9474-1A3956D46DE8}") = "src", "src", "{7CA7FDEC-C032-4B4E-8289-AD0B19064A89}"
EndProject
Project("{9A19103F-16F7-4668-BE54-9A1E7A4F7556}") = "LiveWallpaperEngineAPI", "LiveWallpaperEngineAPI\LiveWallpaperEngineAPI.csproj", "{AAFB595F-C9DA-4F56-84B7-6874608E89CA}"
EndProject
Global
	GlobalSection(SolutionConfigurationPlatforms) = preSolution
		Debug|Any CPU = Debug|Any CPU
		Debug|x64 = Debug|x64
		Debug|x86 = Debug|x86
		Release|Any CPU = Release|Any CPU
		Release|x64 = Release|x64
		Release|x86 = Release|x86
	EndGlobalSection
	GlobalSection(ProjectConfigurationPlatforms) = postSolution
		{C959B22A-239C-4264-8E54-51AFD5A5B7C4}.Debug|Any CPU.ActiveCfg = Debug|Any CPU
		{C959B22A-239C-4264-8E54-51AFD5A5B7C4}.Debug|Any CPU.Build.0 = Debug|Any CPU
		{C959B22A-239C-4264-8E54-51AFD5A5B7C4}.Debug|x64.ActiveCfg = Debug|Any CPU
		{C959B22A-239C-4264-8E54-51AFD5A5B7C4}.Debug|x64.Build.0 = Debug|Any CPU
		{C959B22A-239C-4264-8E54-51AFD5A5B7C4}.Debug|x86.ActiveCfg = Debug|Any CPU
		{C959B22A-239C-4264-8E54-51AFD5A5B7C4}.Debug|x86.Build.0 = Debug|Any CPU
		{C959B22A-239C-4264-8E54-51AFD5A5B7C4}.Release|Any CPU.ActiveCfg = Release|Any CPU
		{C959B22A-239C-4264-8E54-51AFD5A5B7C4}.Release|Any CPU.Build.0 = Release|Any CPU
		{C959B22A-239C-4264-8E54-51AFD5A5B7C4}.Release|x64.ActiveCfg = Release|Any CPU
		{C959B22A-239C-4264-8E54-51AFD5A5B7C4}.Release|x64.Build.0 = Release|Any CPU
		{C959B22A-239C-4264-8E54-51AFD5A5B7C4}.Release|x86.ActiveCfg = Release|Any CPU
		{C959B22A-239C-4264-8E54-51AFD5A5B7C4}.Release|x86.Build.0 = Release|Any CPU
		{123B6CA4-82FF-4AD5-B4B6-8536C9EDF1D8}.Debug|Any CPU.ActiveCfg = Debug|Any CPU
		{123B6CA4-82FF-4AD5-B4B6-8536C9EDF1D8}.Debug|Any CPU.Build.0 = Debug|Any CPU
		{123B6CA4-82FF-4AD5-B4B6-8536C9EDF1D8}.Debug|x64.ActiveCfg = Debug|Any CPU
		{123B6CA4-82FF-4AD5-B4B6-8536C9EDF1D8}.Debug|x64.Build.0 = Debug|Any CPU
		{123B6CA4-82FF-4AD5-B4B6-8536C9EDF1D8}.Debug|x86.ActiveCfg = Debug|Any CPU
		{123B6CA4-82FF-4AD5-B4B6-8536C9EDF1D8}.Debug|x86.Build.0 = Debug|Any CPU
		{123B6CA4-82FF-4AD5-B4B6-8536C9EDF1D8}.Release|Any CPU.ActiveCfg = Release|Any CPU
		{123B6CA4-82FF-4AD5-B4B6-8536C9EDF1D8}.Release|Any CPU.Build.0 = Release|Any CPU
		{123B6CA4-82FF-4AD5-B4B6-8536C9EDF1D8}.Release|x64.ActiveCfg = Release|Any CPU
		{123B6CA4-82FF-4AD5-B4B6-8536C9EDF1D8}.Release|x64.Build.0 = Release|Any CPU
		{123B6CA4-82FF-4AD5-B4B6-8536C9EDF1D8}.Release|x86.ActiveCfg = Release|Any CPU
		{123B6CA4-82FF-4AD5-B4B6-8536C9EDF1D8}.Release|x86.Build.0 = Release|Any CPU
		{AAFB595F-C9DA-4F56-84B7-6874608E89CA}.Debug|Any CPU.ActiveCfg = Debug|Any CPU
		{AAFB595F-C9DA-4F56-84B7-6874608E89CA}.Debug|Any CPU.Build.0 = Debug|Any CPU
		{AAFB595F-C9DA-4F56-84B7-6874608E89CA}.Debug|x64.ActiveCfg = Debug|Any CPU
		{AAFB595F-C9DA-4F56-84B7-6874608E89CA}.Debug|x64.Build.0 = Debug|Any CPU
		{AAFB595F-C9DA-4F56-84B7-6874608E89CA}.Debug|x86.ActiveCfg = Debug|Any CPU
		{AAFB595F-C9DA-4F56-84B7-6874608E89CA}.Debug|x86.Build.0 = Debug|Any CPU
		{AAFB595F-C9DA-4F56-84B7-6874608E89CA}.Release|Any CPU.ActiveCfg = Release|Any CPU
		{AAFB595F-C9DA-4F56-84B7-6874608E89CA}.Release|Any CPU.Build.0 = Release|Any CPU
		{AAFB595F-C9DA-4F56-84B7-6874608E89CA}.Release|x64.ActiveCfg = Release|Any CPU
		{AAFB595F-C9DA-4F56-84B7-6874608E89CA}.Release|x64.Build.0 = Release|Any CPU
		{AAFB595F-C9DA-4F56-84B7-6874608E89CA}.Release|x86.ActiveCfg = Release|Any CPU
		{AAFB595F-C9DA-4F56-84B7-6874608E89CA}.Release|x86.Build.0 = Release|Any CPU
	EndGlobalSection
	GlobalSection(SolutionProperties) = preSolution
		HideSolutionNode = FALSE
	EndGlobalSection
	GlobalSection(NestedProjects) = preSolution
		{C959B22A-239C-4264-8E54-51AFD5A5B7C4} = {B5707277-42B0-4BDA-8EAF-33612CA2ABF0}
		{123B6CA4-82FF-4AD5-B4B6-8536C9EDF1D8} = {B5707277-42B0-4BDA-8EAF-33612CA2ABF0}
		{AAFB595F-C9DA-4F56-84B7-6874608E89CA} = {7CA7FDEC-C032-4B4E-8289-AD0B19064A89}
	EndGlobalSection
	GlobalSection(ExtensibilityGlobals) = postSolution
		SolutionGuid = {E0CCDD11-AAC6-45FC-883B-0DBE493DA7E9}
	EndGlobalSection
EndGlobal
