
Microsoft Visual Studio Solution File, Format Version 12.00
# Visual Studio Version 16
VisualStudioVersion = 16.0.28922.388
MinimumVisualStudioVersion = 10.0.40219.1
Project("{9A19103F-16F7-4668-BE54-9A1E7A4F7556}") = "LiveWallpaperEngine", "LiveWallpaperEngine\LiveWallpaperEngine.csproj", "{B81B6B65-081C-4035-99C9-543BDA79D05F}"
EndProject
Project("{2150E333-8FDC-42A3-9474-1A3956D46DE8}") = "samples", "samples", "{B5707277-42B0-4BDA-8EAF-33612CA2ABF0}"
EndProject
Project("{2150E333-8FDC-42A3-9474-1A3956D46DE8}") = "test", "test", "{11F316F1-A6C6-478F-A584-4382EDCFF9F7}"
EndProject
Project("{2150E333-8FDC-42A3-9474-1A3956D46DE8}") = "docs", "docs", "{E3554D4E-7CD8-4128-9438-95CDBCDE4B25}"
	ProjectSection(SolutionItems) = preProject
		Docs\CHANGELOG.md = Docs\CHANGELOG.md
		Docs\Package.md = Docs\Package.md
		README.md = README.md
	EndProjectSection
EndProject
Project("{9A19103F-16F7-4668-BE54-9A1E7A4F7556}") = "Test.LiveWallpaperEngine", "Test.LiveWallpaperEngine\Test.LiveWallpaperEngine.csproj", "{B7F17A3F-038E-4ABC-9CE7-6F0F0DFECE73}"
EndProject
Project("{9A19103F-16F7-4668-BE54-9A1E7A4F7556}") = "LiveWallpaperEngine.Samples.NetCore.Test", "LiveWallpaperEngine.Samples.NetCore.Test\LiveWallpaperEngine.Samples.NetCore.Test.csproj", "{C959B22A-239C-4264-8E54-51AFD5A5B7C4}"
EndProject
Project("{2150E333-8FDC-42A3-9474-1A3956D46DE8}") = "LiveWallpaperEngine", "LiveWallpaperEngine", "{72CDF294-47D8-4A87-BC5D-C330B0A2E324}"
	ProjectSection(SolutionItems) = preProject
		Docs\LiveWallpaperEngine\README.md = Docs\LiveWallpaperEngine\README.md
	EndProjectSection
EndProject
Project("{2150E333-8FDC-42A3-9474-1A3956D46DE8}") = "src", "src", "{02F4F61B-91AC-4F16-939D-EB9B9980A60C}"
EndProject
Project("{9A19103F-16F7-4668-BE54-9A1E7A4F7556}") = "LiveWallpaperEngineRender", "LiveWallpaperEngineRender\LiveWallpaperEngineRender.csproj", "{C5E72E15-423E-4540-AE03-A70B8B8E58EA}"
EndProject
Project("{2150E333-8FDC-42A3-9474-1A3956D46DE8}") = "LiveWallpaperEngineRender", "LiveWallpaperEngineRender", "{D5E78D64-55CE-483A-8D83-C41A3E91598F}"
	ProjectSection(SolutionItems) = preProject
		Docs\LiveWallpaperEngineRender\README.md = Docs\LiveWallpaperEngineRender\README.md
	EndProjectSection
EndProject
Global
	GlobalSection(SolutionConfigurationPlatforms) = preSolution
		Debug|Any CPU = Debug|Any CPU
		Debug|x64 = Debug|x64
		Debug|x86 = Debug|x86
		Release|Any CPU = Release|Any CPU
		Release|x64 = Release|x64
		Release|x86 = Release|x86
	EndGlobalSection
	GlobalSection(ProjectConfigurationPlatforms) = postSolution
		{B81B6B65-081C-4035-99C9-543BDA79D05F}.Debug|Any CPU.ActiveCfg = Debug|Any CPU
		{B81B6B65-081C-4035-99C9-543BDA79D05F}.Debug|Any CPU.Build.0 = Debug|Any CPU
		{B81B6B65-081C-4035-99C9-543BDA79D05F}.Debug|x64.ActiveCfg = Debug|Any CPU
		{B81B6B65-081C-4035-99C9-543BDA79D05F}.Debug|x86.ActiveCfg = Debug|Any CPU
		{B81B6B65-081C-4035-99C9-543BDA79D05F}.Release|Any CPU.ActiveCfg = Release|Any CPU
		{B81B6B65-081C-4035-99C9-543BDA79D05F}.Release|Any CPU.Build.0 = Release|Any CPU
		{B81B6B65-081C-4035-99C9-543BDA79D05F}.Release|x64.ActiveCfg = Release|Any CPU
		{B81B6B65-081C-4035-99C9-543BDA79D05F}.Release|x86.ActiveCfg = Release|Any CPU
		{B7F17A3F-038E-4ABC-9CE7-6F0F0DFECE73}.Debug|Any CPU.ActiveCfg = Debug|Any CPU
		{B7F17A3F-038E-4ABC-9CE7-6F0F0DFECE73}.Debug|Any CPU.Build.0 = Debug|Any CPU
		{B7F17A3F-038E-4ABC-9CE7-6F0F0DFECE73}.Debug|x64.ActiveCfg = Debug|Any CPU
		{B7F17A3F-038E-4ABC-9CE7-6F0F0DFECE73}.Debug|x64.Build.0 = Debug|Any CPU
		{B7F17A3F-038E-4ABC-9CE7-6F0F0DFECE73}.Debug|x86.ActiveCfg = Debug|Any CPU
		{B7F17A3F-038E-4ABC-9CE7-6F0F0DFECE73}.Debug|x86.Build.0 = Debug|Any CPU
		{B7F17A3F-038E-4ABC-9CE7-6F0F0DFECE73}.Release|Any CPU.ActiveCfg = Release|Any CPU
		{B7F17A3F-038E-4ABC-9CE7-6F0F0DFECE73}.Release|Any CPU.Build.0 = Release|Any CPU
		{B7F17A3F-038E-4ABC-9CE7-6F0F0DFECE73}.Release|x64.ActiveCfg = Release|Any CPU
		{B7F17A3F-038E-4ABC-9CE7-6F0F0DFECE73}.Release|x64.Build.0 = Release|Any CPU
		{B7F17A3F-038E-4ABC-9CE7-6F0F0DFECE73}.Release|x86.ActiveCfg = Release|Any CPU
		{B7F17A3F-038E-4ABC-9CE7-6F0F0DFECE73}.Release|x86.Build.0 = Release|Any CPU
		{C959B22A-239C-4264-8E54-51AFD5A5B7C4}.Debug|Any CPU.ActiveCfg = Debug|Any CPU
		{C959B22A-239C-4264-8E54-51AFD5A5B7C4}.Debug|Any CPU.Build.0 = Debug|Any CPU
		{C959B22A-239C-4264-8E54-51AFD5A5B7C4}.Debug|x64.ActiveCfg = Debug|Any CPU
		{C959B22A-239C-4264-8E54-51AFD5A5B7C4}.Debug|x64.Build.0 = Debug|Any CPU
		{C959B22A-239C-4264-8E54-51AFD5A5B7C4}.Debug|x86.ActiveCfg = Debug|Any CPU
		{C959B22A-239C-4264-8E54-51AFD5A5B7C4}.Debug|x86.Build.0 = Debug|Any CPU
		{C959B22A-239C-4264-8E54-51AFD5A5B7C4}.Release|Any CPU.ActiveCfg = Release|Any CPU
		{C959B22A-239C-4264-8E54-51AFD5A5B7C4}.Release|Any CPU.Build.0 = Release|Any CPU
		{C959B22A-239C-4264-8E54-51AFD5A5B7C4}.Release|x64.ActiveCfg = Release|Any CPU
		{C959B22A-239C-4264-8E54-51AFD5A5B7C4}.Release|x64.Build.0 = Release|Any CPU
		{C959B22A-239C-4264-8E54-51AFD5A5B7C4}.Release|x86.ActiveCfg = Release|Any CPU
		{C959B22A-239C-4264-8E54-51AFD5A5B7C4}.Release|x86.Build.0 = Release|Any CPU
		{C5E72E15-423E-4540-AE03-A70B8B8E58EA}.Debug|Any CPU.ActiveCfg = Debug|Any CPU
		{C5E72E15-423E-4540-AE03-A70B8B8E58EA}.Debug|Any CPU.Build.0 = Debug|Any CPU
		{C5E72E15-423E-4540-AE03-A70B8B8E58EA}.Debug|x64.ActiveCfg = Debug|Any CPU
		{C5E72E15-423E-4540-AE03-A70B8B8E58EA}.Debug|x64.Build.0 = Debug|Any CPU
		{C5E72E15-423E-4540-AE03-A70B8B8E58EA}.Debug|x86.ActiveCfg = Debug|Any CPU
		{C5E72E15-423E-4540-AE03-A70B8B8E58EA}.Debug|x86.Build.0 = Debug|Any CPU
		{C5E72E15-423E-4540-AE03-A70B8B8E58EA}.Release|Any CPU.ActiveCfg = Release|Any CPU
		{C5E72E15-423E-4540-AE03-A70B8B8E58EA}.Release|Any CPU.Build.0 = Release|Any CPU
		{C5E72E15-423E-4540-AE03-A70B8B8E58EA}.Release|x64.ActiveCfg = Release|Any CPU
		{C5E72E15-423E-4540-AE03-A70B8B8E58EA}.Release|x64.Build.0 = Release|Any CPU
		{C5E72E15-423E-4540-AE03-A70B8B8E58EA}.Release|x86.ActiveCfg = Release|Any CPU
		{C5E72E15-423E-4540-AE03-A70B8B8E58EA}.Release|x86.Build.0 = Release|Any CPU
	EndGlobalSection
	GlobalSection(SolutionProperties) = preSolution
		HideSolutionNode = FALSE
	EndGlobalSection
	GlobalSection(NestedProjects) = preSolution
		{B81B6B65-081C-4035-99C9-543BDA79D05F} = {02F4F61B-91AC-4F16-939D-EB9B9980A60C}
		{B7F17A3F-038E-4ABC-9CE7-6F0F0DFECE73} = {11F316F1-A6C6-478F-A584-4382EDCFF9F7}
		{C959B22A-239C-4264-8E54-51AFD5A5B7C4} = {B5707277-42B0-4BDA-8EAF-33612CA2ABF0}
		{72CDF294-47D8-4A87-BC5D-C330B0A2E324} = {E3554D4E-7CD8-4128-9438-95CDBCDE4B25}
		{C5E72E15-423E-4540-AE03-A70B8B8E58EA} = {02F4F61B-91AC-4F16-939D-EB9B9980A60C}
		{D5E78D64-55CE-483A-8D83-C41A3E91598F} = {E3554D4E-7CD8-4128-9438-95CDBCDE4B25}
	EndGlobalSection
	GlobalSection(ExtensibilityGlobals) = postSolution
		SolutionGuid = {E0CCDD11-AAC6-45FC-883B-0DBE493DA7E9}
	EndGlobalSection
EndGlobal
